// !$*UTF8*$!
{
	archiveVersion = 1;
	classes = {
	};
	objectVersion = 50;
	objects = {

/* Begin PBXBuildFile section */
		00370ADE2200CA3A000531F8 /* AppDelegate.swift in Sources */ = {isa = PBXBuildFile; fileRef = 00370ADD2200CA3A000531F8 /* AppDelegate.swift */; };
		00370AE02200CA3A000531F8 /* ViewController.swift in Sources */ = {isa = PBXBuildFile; fileRef = 00370ADF2200CA3A000531F8 /* ViewController.swift */; };
		00370AE32200CA3A000531F8 /* Main.storyboard in Resources */ = {isa = PBXBuildFile; fileRef = 00370AE12200CA3A000531F8 /* Main.storyboard */; };
		00370AE52200CA3B000531F8 /* Assets.xcassets in Resources */ = {isa = PBXBuildFile; fileRef = 00370AE42200CA3B000531F8 /* Assets.xcassets */; };
		00370AE82200CA3B000531F8 /* LaunchScreen.storyboard in Resources */ = {isa = PBXBuildFile; fileRef = 00370AE62200CA3B000531F8 /* LaunchScreen.storyboard */; };
		00370AF32200CA3B000531F8 /* ApplePieTests.swift in Sources */ = {isa = PBXBuildFile; fileRef = 00370AF22200CA3B000531F8 /* ApplePieTests.swift */; };
		00370AFE2200CA3C000531F8 /* ApplePieUITests.swift in Sources */ = {isa = PBXBuildFile; fileRef = 00370AFD2200CA3C000531F8 /* ApplePieUITests.swift */; };
/* End PBXBuildFile section */

/* Begin PBXContainerItemProxy section */
		00370AEF2200CA3B000531F8 /* PBXContainerItemProxy */ = {
			isa = PBXContainerItemProxy;
			containerPortal = 00370AD22200CA3A000531F8 /* Project object */;
			proxyType = 1;
			remoteGlobalIDString = 00370AD92200CA3A000531F8;
			remoteInfo = ApplePie;
		};
		00370AFA2200CA3C000531F8 /* PBXContainerItemProxy */ = {
			isa = PBXContainerItemProxy;
			containerPortal = 00370AD22200CA3A000531F8 /* Project object */;
			proxyType = 1;
			remoteGlobalIDString = 00370AD92200CA3A000531F8;
			remoteInfo = ApplePie;
		};
/* End PBXContainerItemProxy section */

/* Begin PBXFileReference section */
		00370ADA2200CA3A000531F8 /* ApplePie.app */ = {isa = PBXFileReference; explicitFileType = wrapper.application; includeInIndex = 0; path = ApplePie.app; sourceTree = BUILT_PRODUCTS_DIR; };
		00370ADD2200CA3A000531F8 /* AppDelegate.swift */ = {isa = PBXFileReference; lastKnownFileType = sourcecode.swift; path = AppDelegate.swift; sourceTree = "<group>"; };
		00370ADF2200CA3A000531F8 /* ViewController.swift */ = {isa = PBXFileReference; lastKnownFileType = sourcecode.swift; path = ViewController.swift; sourceTree = "<group>"; };
		00370AE22200CA3A000531F8 /* Base */ = {isa = PBXFileReference; lastKnownFileType = file.storyboard; name = Base; path = Base.lproj/Main.storyboard; sourceTree = "<group>"; };
		00370AE42200CA3B000531F8 /* Assets.xcassets */ = {isa = PBXFileReference; lastKnownFileType = folder.assetcatalog; path = Assets.xcassets; sourceTree = "<group>"; };
		00370AE72200CA3B000531F8 /* Base */ = {isa = PBXFileReference; lastKnownFileType = file.storyboard; name = Base; path = Base.lproj/LaunchScreen.storyboard; sourceTree = "<group>"; };
		00370AE92200CA3B000531F8 /* Info.plist */ = {isa = PBXFileReference; lastKnownFileType = text.plist.xml; path = Info.plist; sourceTree = "<group>"; };
		00370AEE2200CA3B000531F8 /* ApplePieTests.xctest */ = {isa = PBXFileReference; explicitFileType = wrapper.cfbundle; includeInIndex = 0; path = ApplePieTests.xctest; sourceTree = BUILT_PRODUCTS_DIR; };
		00370AF22200CA3B000531F8 /* ApplePieTests.swift */ = {isa = PBXFileReference; lastKnownFileType = sourcecode.swift; path = ApplePieTests.swift; sourceTree = "<group>"; };
		00370AF42200CA3B000531F8 /* Info.plist */ = {isa = PBXFileReference; lastKnownFileType = text.plist.xml; path = Info.plist; sourceTree = "<group>"; };
		00370AF92200CA3C000531F8 /* ApplePieUITests.xctest */ = {isa = PBXFileReference; explicitFileType = wrapper.cfbundle; includeInIndex = 0; path = ApplePieUITests.xctest; sourceTree = BUILT_PRODUCTS_DIR; };
		00370AFD2200CA3C000531F8 /* ApplePieUITests.swift */ = {isa = PBXFileReference; lastKnownFileType = sourcecode.swift; path = ApplePieUITests.swift; sourceTree = "<group>"; };
		00370AFF2200CA3C000531F8 /* Info.plist */ = {isa = PBXFileReference; lastKnownFileType = text.plist.xml; path = Info.plist; sourceTree = "<group>"; };
/* End PBXFileReference section */

/* Begin PBXFrameworksBuildPhase section */
		00370AD72200CA3A000531F8 /* Frameworks */ = {
			isa = PBXFrameworksBuildPhase;
			buildActionMask = 2147483647;
			files = (
			);
			runOnlyForDeploymentPostprocessing = 0;
		};
		00370AEB2200CA3B000531F8 /* Frameworks */ = {
			isa = PBXFrameworksBuildPhase;
			buildActionMask = 2147483647;
			files = (
			);
			runOnlyForDeploymentPostprocessing = 0;
		};
		00370AF62200CA3C000531F8 /* Frameworks */ = {
			isa = PBXFrameworksBuildPhase;
			buildActionMask = 2147483647;
			files = (
			);
			runOnlyForDeploymentPostprocessing = 0;
		};
/* End PBXFrameworksBuildPhase section */

/* Begin PBXGroup section */
		00370AD12200CA3A000531F8 = {
			isa = PBXGroup;
			children = (
				00370ADC2200CA3A000531F8 /* ApplePie */,
				00370AF12200CA3B000531F8 /* ApplePieTests */,
				00370AFC2200CA3C000531F8 /* ApplePieUITests */,
				00370ADB2200CA3A000531F8 /* Products */,
			);
			sourceTree = "<group>";
		};
		00370ADB2200CA3A000531F8 /* Products */ = {
			isa = PBXGroup;
			children = (
				00370ADA2200CA3A000531F8 /* ApplePie.app */,
				00370AEE2200CA3B000531F8 /* ApplePieTests.xctest */,
				00370AF92200CA3C000531F8 /* ApplePieUITests.xctest */,
			);
			name = Products;
			sourceTree = "<group>";
		};
		00370ADC2200CA3A000531F8 /* ApplePie */ = {
			isa = PBXGroup;
			children = (
				00370ADD2200CA3A000531F8 /* AppDelegate.swift */,
				00370ADF2200CA3A000531F8 /* ViewController.swift */,
				00370AE12200CA3A000531F8 /* Main.storyboard */,
				00370AE42200CA3B000531F8 /* Assets.xcassets */,
				00370AE62200CA3B000531F8 /* LaunchScreen.storyboard */,
				00370AE92200CA3B000531F8 /* Info.plist */,
			);
			path = ApplePie;
			sourceTree = "<group>";
		};
		00370AF12200CA3B000531F8 /* ApplePieTests */ = {
			isa = PBXGroup;
			children = (
				00370AF22200CA3B000531F8 /* ApplePieTests.swift */,
				00370AF42200CA3B000531F8 /* Info.plist */,
			);
			path = ApplePieTests;
			sourceTree = "<group>";
		};
		00370AFC2200CA3C000531F8 /* ApplePieUITests */ = {
			isa = PBXGroup;
			children = (
				00370AFD2200CA3C000531F8 /* ApplePieUITests.swift */,
				00370AFF2200CA3C000531F8 /* Info.plist */,
			);
			path = ApplePieUITests;
			sourceTree = "<group>";
		};
/* End PBXGroup section */

/* Begin PBXNativeTarget section */
		00370AD92200CA3A000531F8 /* ApplePie */ = {
			isa = PBXNativeTarget;
			buildConfigurationList = 00370B022200CA3C000531F8 /* Build configuration list for PBXNativeTarget "ApplePie" */;
			buildPhases = (
				00370AD62200CA3A000531F8 /* Sources */,
				00370AD72200CA3A000531F8 /* Frameworks */,
				00370AD82200CA3A000531F8 /* Resources */,
			);
			buildRules = (
			);
			dependencies = (
			);
			name = ApplePie;
			productName = ApplePie;
			productReference = 00370ADA2200CA3A000531F8 /* ApplePie.app */;
			productType = "com.apple.product-type.application";
		};
		00370AED2200CA3B000531F8 /* ApplePieTests */ = {
			isa = PBXNativeTarget;
			buildConfigurationList = 00370B052200CA3C000531F8 /* Build configuration list for PBXNativeTarget "ApplePieTests" */;
			buildPhases = (
				00370AEA2200CA3B000531F8 /* Sources */,
				00370AEB2200CA3B000531F8 /* Frameworks */,
				00370AEC2200CA3B000531F8 /* Resources */,
			);
			buildRules = (
			);
			dependencies = (
				00370AF02200CA3B000531F8 /* PBXTargetDependency */,
			);
			name = ApplePieTests;
			productName = ApplePieTests;
			productReference = 00370AEE2200CA3B000531F8 /* ApplePieTests.xctest */;
			productType = "com.apple.product-type.bundle.unit-test";
		};
		00370AF82200CA3C000531F8 /* ApplePieUITests */ = {
			isa = PBXNativeTarget;
			buildConfigurationList = 00370B082200CA3C000531F8 /* Build configuration list for PBXNativeTarget "ApplePieUITests" */;
			buildPhases = (
				00370AF52200CA3C000531F8 /* Sources */,
				00370AF62200CA3C000531F8 /* Frameworks */,
				00370AF72200CA3C000531F8 /* Resources */,
			);
			buildRules = (
			);
			dependencies = (
				00370AFB2200CA3C000531F8 /* PBXTargetDependency */,
			);
			name = ApplePieUITests;
			productName = ApplePieUITests;
			productReference = 00370AF92200CA3C000531F8 /* ApplePieUITests.xctest */;
			productType = "com.apple.product-type.bundle.ui-testing";
		};
/* End PBXNativeTarget section */

/* Begin PBXProject section */
		00370AD22200CA3A000531F8 /* Project object */ = {
			isa = PBXProject;
			attributes = {
				LastSwiftUpdateCheck = 1010;
				LastUpgradeCheck = 1010;
				ORGANIZATIONNAME = "Burak Donat";
				TargetAttributes = {
					00370AD92200CA3A000531F8 = {
						CreatedOnToolsVersion = 10.1;
					};
					00370AED2200CA3B000531F8 = {
						CreatedOnToolsVersion = 10.1;
						TestTargetID = 00370AD92200CA3A000531F8;
					};
					00370AF82200CA3C000531F8 = {
						CreatedOnToolsVersion = 10.1;
						TestTargetID = 00370AD92200CA3A000531F8;
					};
				};
			};
			buildConfigurationList = 00370AD52200CA3A000531F8 /* Build configuration list for PBXProject "ApplePie" */;
			compatibilityVersion = "Xcode 9.3";
			developmentRegion = en;
			hasScannedForEncodings = 0;
			knownRegions = (
				en,
				Base,
			);
			mainGroup = 00370AD12200CA3A000531F8;
			productRefGroup = 00370ADB2200CA3A000531F8 /* Products */;
			projectDirPath = "";
			projectRoot = "";
			targets = (
				00370AD92200CA3A000531F8 /* ApplePie */,
				00370AED2200CA3B000531F8 /* ApplePieTests */,
				00370AF82200CA3C000531F8 /* ApplePieUITests */,
			);
		};
/* End PBXProject section */

/* Begin PBXResourcesBuildPhase section */
		00370AD82200CA3A000531F8 /* Resources */ = {
			isa = PBXResourcesBuildPhase;
			buildActionMask = 2147483647;
			files = (
				00370AE82200CA3B000531F8 /* LaunchScreen.storyboard in Resources */,
				00370AE52200CA3B000531F8 /* Assets.xcassets in Resources */,
				00370AE32200CA3A000531F8 /* Main.storyboard in Resources */,
			);
			runOnlyForDeploymentPostprocessing = 0;
		};
		00370AEC2200CA3B000531F8 /* Resources */ = {
			isa = PBXResourcesBuildPhase;
			buildActionMask = 2147483647;
			files = (
			);
			runOnlyForDeploymentPostprocessing = 0;
		};
		00370AF72200CA3C000531F8 /* Resources */ = {
			isa = PBXResourcesBuildPhase;
			buildActionMask = 2147483647;
			files = (
			);
			runOnlyForDeploymentPostprocessing = 0;
		};
/* End PBXResourcesBuildPhase section */

/* Begin PBXSourcesBuildPhase section */
		00370AD62200CA3A000531F8 /* Sources */ = {
			isa = PBXSourcesBuildPhase;
			buildActionMask = 2147483647;
			files = (
				00370AE02200CA3A000531F8 /* ViewController.swift in Sources */,
				00370ADE2200CA3A000531F8 /* AppDelegate.swift in Sources */,
			);
			runOnlyForDeploymentPostprocessing = 0;
		};
		00370AEA2200CA3B000531F8 /* Sources */ = {
			isa = PBXSourcesBuildPhase;
			buildActionMask = 2147483647;
			files = (
				00370AF32200CA3B000531F8 /* ApplePieTests.swift in Sources */,
			);
			runOnlyForDeploymentPostprocessing = 0;
		};
		00370AF52200CA3C000531F8 /* Sources */ = {
			isa = PBXSourcesBuildPhase;
			buildActionMask = 2147483647;
			files = (
				00370AFE2200CA3C000531F8 /* ApplePieUITests.swift in Sources */,
			);
			runOnlyForDeploymentPostprocessing = 0;
		};
/* End PBXSourcesBuildPhase section */

/* Begin PBXTargetDependency section */
		00370AF02200CA3B000531F8 /* PBXTargetDependency */ = {
			isa = PBXTargetDependency;
			target = 00370AD92200CA3A000531F8 /* ApplePie */;
			targetProxy = 00370AEF2200CA3B000531F8 /* PBXContainerItemProxy */;
		};
		00370AFB2200CA3C000531F8 /* PBXTargetDependency */ = {
			isa = PBXTargetDependency;
			target = 00370AD92200CA3A000531F8 /* ApplePie */;
			targetProxy = 00370AFA2200CA3C000531F8 /* PBXContainerItemProxy */;
		};
/* End PBXTargetDependency section */

/* Begin PBXVariantGroup section */
		00370AE12200CA3A000531F8 /* Main.storyboard */ = {
			isa = PBXVariantGroup;
			children = (
				00370AE22200CA3A000531F8 /* Base */,
			);
			name = Main.storyboard;
			sourceTree = "<group>";
		};
		00370AE62200CA3B000531F8 /* LaunchScreen.storyboard */ = {
			isa = PBXVariantGroup;
			children = (
				00370AE72200CA3B000531F8 /* Base */,
			);
			name = LaunchScreen.storyboard;
			sourceTree = "<group>";
		};
/* End PBXVariantGroup section */

/* Begin XCBuildConfiguration section */
		00370B002200CA3C000531F8 /* Debug */ = {
			isa = XCBuildConfiguration;
			buildSettings = {
				ALWAYS_SEARCH_USER_PATHS = NO;
				CLANG_ANALYZER_NONNULL = YES;
				CLANG_ANALYZER_NUMBER_OBJECT_CONVERSION = YES_AGGRESSIVE;
				CLANG_CXX_LANGUAGE_STANDARD = "gnu++14";
				CLANG_CXX_LIBRARY = "libc++";
				CLANG_ENABLE_MODULES = YES;
				CLANG_ENABLE_OBJC_ARC = YES;
				CLANG_ENABLE_OBJC_WEAK = YES;
				CLANG_WARN_BLOCK_CAPTURE_AUTORELEASING = YES;
				CLANG_WARN_BOOL_CONVERSION = YES;
				CLANG_WARN_COMMA = YES;
				CLANG_WARN_CONSTANT_CONVERSION = YES;
				CLANG_WARN_DEPRECATED_OBJC_IMPLEMENTATIONS = YES;
				CLANG_WARN_DIRECT_OBJC_ISA_USAGE = YES_ERROR;
				CLANG_WARN_DOCUMENTATION_COMMENTS = YES;
				CLANG_WARN_EMPTY_BODY = YES;
				CLANG_WARN_ENUM_CONVERSION = YES;
				CLANG_WARN_INFINITE_RECURSION = YES;
				CLANG_WARN_INT_CONVERSION = YES;
				CLANG_WARN_NON_LITERAL_NULL_CONVERSION = YES;
				CLANG_WARN_OBJC_IMPLICIT_RETAIN_SELF = YES;
				CLANG_WARN_OBJC_LITERAL_CONVERSION = YES;
				CLANG_WARN_OBJC_ROOT_CLASS = YES_ERROR;
				CLANG_WARN_RANGE_LOOP_ANALYSIS = YES;
				CLANG_WARN_STRICT_PROTOTYPES = YES;
				CLANG_WARN_SUSPICIOUS_MOVE = YES;
				CLANG_WARN_UNGUARDED_AVAILABILITY = YES_AGGRESSIVE;
				CLANG_WARN_UNREACHABLE_CODE = YES;
				CLANG_WARN__DUPLICATE_METHOD_MATCH = YES;
				CODE_SIGN_IDENTITY = "iPhone Developer";
				COPY_PHASE_STRIP = NO;
				DEBUG_INFORMATION_FORMAT = dwarf;
				ENABLE_STRICT_OBJC_MSGSEND = YES;
				ENABLE_TESTABILITY = YES;
				GCC_C_LANGUAGE_STANDARD = gnu11;
				GCC_DYNAMIC_NO_PIC = NO;
				GCC_NO_COMMON_BLOCKS = YES;
				GCC_OPTIMIZATION_LEVEL = 0;
				GCC_PREPROCESSOR_DEFINITIONS = (
					"DEBUG=1",
					"$(inherited)",
				);
				GCC_WARN_64_TO_32_BIT_CONVERSION = YES;
				GCC_WARN_ABOUT_RETURN_TYPE = YES_ERROR;
				GCC_WARN_UNDECLARED_SELECTOR = YES;
				GCC_WARN_UNINITIALIZED_AUTOS = YES_AGGRESSIVE;
				GCC_WARN_UNUSED_FUNCTION = YES;
				GCC_WARN_UNUSED_VARIABLE = YES;
				IPHONEOS_DEPLOYMENT_TARGET = 12.1;
				MTL_ENABLE_DEBUG_INFO = INCLUDE_SOURCE;
				MTL_FAST_MATH = YES;
				ONLY_ACTIVE_ARCH = YES;
				SDKROOT = iphoneos;
				SWIFT_ACTIVE_COMPILATION_CONDITIONS = DEBUG;
				SWIFT_OPTIMIZATION_LEVEL = "-Onone";
			};
			name = Debug;
		};
		00370B012200CA3C000531F8 /* Release */ = {
			isa = XCBuildConfiguration;
			buildSettings = {
				ALWAYS_SEARCH_USER_PATHS = NO;
				CLANG_ANALYZER_NONNULL = YES;
				CLANG_ANALYZER_NUMBER_OBJECT_CONVERSION = YES_AGGRESSIVE;
				CLANG_CXX_LANGUAGE_STANDARD = "gnu++14";
				CLANG_CXX_LIBRARY = "libc++";
				CLANG_ENABLE_MODULES = YES;
				CLANG_ENABLE_OBJC_ARC = YES;
				CLANG_ENABLE_OBJC_WEAK = YES;
				CLANG_WARN_BLOCK_CAPTURE_AUTORELEASING = YES;
				CLANG_WARN_BOOL_CONVERSION = YES;
				CLANG_WARN_COMMA = YES;
				CLANG_WARN_CONSTANT_CONVERSION = YES;
				CLANG_WARN_DEPRECATED_OBJC_IMPLEMENTATIONS = YES;
				CLANG_WARN_DIRECT_OBJC_ISA_USAGE = YES_ERROR;
				CLANG_WARN_DOCUMENTATION_COMMENTS = YES;
				CLANG_WARN_EMPTY_BODY = YES;
				CLANG_WARN_ENUM_CONVERSION = YES;
				CLANG_WARN_INFINITE_RECURSION = YES;
				CLANG_WARN_INT_CONVERSION = YES;
				CLANG_WARN_NON_LITERAL_NULL_CONVERSION = YES;
				CLANG_WARN_OBJC_IMPLICIT_RETAIN_SELF = YES;
				CLANG_WARN_OBJC_LITERAL_CONVERSION = YES;
				CLANG_WARN_OBJC_ROOT_CLASS = YES_ERROR;
				CLANG_WARN_RANGE_LOOP_ANALYSIS = YES;
				CLANG_WARN_STRICT_PROTOTYPES = YES;
				CLANG_WARN_SUSPICIOUS_MOVE = YES;
				CLANG_WARN_UNGUARDED_AVAILABILITY = YES_AGGRESSIVE;
				CLANG_WARN_UNREACHABLE_CODE = YES;
				CLANG_WARN__DUPLICATE_METHOD_MATCH = YES;
				CODE_SIGN_IDENTITY = "iPhone Developer";
				COPY_PHASE_STRIP = NO;
				DEBUG_INFORMATION_FORMAT = "dwarf-with-dsym";
				ENABLE_NS_ASSERTIONS = NO;
				ENABLE_STRICT_OBJC_MSGSEND = YES;
				GCC_C_LANGUAGE_STANDARD = gnu11;
				GCC_NO_COMMON_BLOCKS = YES;
				GCC_WARN_64_TO_32_BIT_CONVERSION = YES;
				GCC_WARN_ABOUT_RETURN_TYPE = YES_ERROR;
				GCC_WARN_UNDECLARED_SELECTOR = YES;
				GCC_WARN_UNINITIALIZED_AUTOS = YES_AGGRESSIVE;
				GCC_WARN_UNUSED_FUNCTION = YES;
				GCC_WARN_UNUSED_VARIABLE = YES;
				IPHONEOS_DEPLOYMENT_TARGET = 12.1;
				MTL_ENABLE_DEBUG_INFO = NO;
				MTL_FAST_MATH = YES;
				SDKROOT = iphoneos;
				SWIFT_COMPILATION_MODE = wholemodule;
				SWIFT_OPTIMIZATION_LEVEL = "-O";
				VALIDATE_PRODUCT = YES;
			};
			name = Release;
		};
		00370B032200CA3C000531F8 /* Debug */ = {
			isa = XCBuildConfiguration;
			buildSettings = {
				ASSETCATALOG_COMPILER_APPICON_NAME = AppIcon;
				CODE_SIGN_STYLE = Automatic;
				DEVELOPMENT_TEAM = V2XV9SF2Z6;
				INFOPLIST_FILE = ApplePie/Info.plist;
				LD_RUNPATH_SEARCH_PATHS = (
					"$(inherited)",
					"@executable_path/Frameworks",
				);
				PRODUCT_BUNDLE_IDENTIFIER = com.Donat.ApplePie;
				PRODUCT_NAME = "$(TARGET_NAME)";
				SWIFT_VERSION = 4.2;
				TARGETED_DEVICE_FAMILY = "1,2";
			};
			name = Debug;
		};
		00370B042200CA3C000531F8 /* Release */ = {
			isa = XCBuildConfiguration;
			buildSettings = {
				ASSETCATALOG_COMPILER_APPICON_NAME = AppIcon;
				CODE_SIGN_STYLE = Automatic;
				DEVELOPMENT_TEAM = V2XV9SF2Z6;
				INFOPLIST_FILE = ApplePie/Info.plist;
				LD_RUNPATH_SEARCH_PATHS = (
					"$(inherited)",
					"@executable_path/Frameworks",
				);
				PRODUCT_BUNDLE_IDENTIFIER = com.Donat.ApplePie;
				PRODUCT_NAME = "$(TARGET_NAME)";
				SWIFT_VERSION = 4.2;
				TARGETED_DEVICE_FAMILY = "1,2";
			};
			name = Release;
		};
		00370B062200CA3C000531F8 /* Debug */ = {
			isa = XCBuildConfiguration;
			buildSettings = {
				ALWAYS_EMBED_SWIFT_STANDARD_LIBRARIES = YES;
				BUNDLE_LOADER = "$(TEST_HOST)";
				CODE_SIGN_STYLE = Automatic;
				DEVELOPMENT_TEAM = V2XV9SF2Z6;
				INFOPLIST_FILE = ApplePieTests/Info.plist;
				LD_RUNPATH_SEARCH_PATHS = (
					"$(inherited)",
					"@executable_path/Frameworks",
					"@loader_path/Frameworks",
				);
				PRODUCT_BUNDLE_IDENTIFIER = com.Donat.ApplePieTests;
				PRODUCT_NAME = "$(TARGET_NAME)";
				SWIFT_VERSION = 4.2;
				TARGETED_DEVICE_FAMILY = "1,2";
				TEST_HOST = "$(BUILT_PRODUCTS_DIR)/ApplePie.app/ApplePie";
			};
			name = Debug;
		};
		00370B072200CA3C000531F8 /* Release */ = {
			isa = XCBuildConfiguration;
			buildSettings = {
				ALWAYS_EMBED_SWIFT_STANDARD_LIBRARIES = YES;
				BUNDLE_LOADER = "$(TEST_HOST)";
				CODE_SIGN_STYLE = Automatic;
				DEVELOPMENT_TEAM = V2XV9SF2Z6;
				INFOPLIST_FILE = ApplePieTests/Info.plist;
				LD_RUNPATH_SEARCH_PATHS = (
					"$(inherited)",
					"@executable_path/Frameworks",
					"@loader_path/Frameworks",
				);
				PRODUCT_BUNDLE_IDENTIFIER = com.Donat.ApplePieTests;
				PRODUCT_NAME = "$(TARGET_NAME)";
				SWIFT_VERSION = 4.2;
				TARGETED_DEVICE_FAMILY = "1,2";
				TEST_HOST = "$(BUILT_PRODUCTS_DIR)/ApplePie.app/ApplePie";
			};
			name = Release;
		};
		00370B092200CA3C000531F8 /* Debug */ = {
			isa = XCBuildConfiguration;
			buildSettings = {
				ALWAYS_EMBED_SWIFT_STANDARD_LIBRARIES = YES;
				CODE_SIGN_STYLE = Automatic;
				DEVELOPMENT_TEAM = V2XV9SF2Z6;
				INFOPLIST_FILE = ApplePieUITests/Info.plist;
				LD_RUNPATH_SEARCH_PATHS = (
					"$(inherited)",
					"@executable_path/Frameworks",
					"@loader_path/Frameworks",
				);
				PRODUCT_BUNDLE_IDENTIFIER = com.Donat.ApplePieUITests;
				PRODUCT_NAME = "$(TARGET_NAME)";
				SWIFT_VERSION = 4.2;
				TARGETED_DEVICE_FAMILY = "1,2";
				TEST_TARGET_NAME = ApplePie;
			};
			name = Debug;
		};
		00370B0A2200CA3C000531F8 /* Release */ = {
			isa = XCBuildConfiguration;
			buildSettings = {
				ALWAYS_EMBED_SWIFT_STANDARD_LIBRARIES = YES;
				CODE_SIGN_STYLE = Automatic;
				DEVELOPMENT_TEAM = V2XV9SF2Z6;
				INFOPLIST_FILE = ApplePieUITests/Info.plist;
				LD_RUNPATH_SEARCH_PATHS = (
					"$(inherited)",
					"@executable_path/Frameworks",
					"@loader_path/Frameworks",
				);
				PRODUCT_BUNDLE_IDENTIFIER = com.Donat.ApplePieUITests;
				PRODUCT_NAME = "$(TARGET_NAME)";
				SWIFT_VERSION = 4.2;
				TARGETED_DEVICE_FAMILY = "1,2";
				TEST_TARGET_NAME = ApplePie;
			};
			name = Release;
		};
/* End XCBuildConfiguration section */

/* Begin XCConfigurationList section */
		00370AD52200CA3A000531F8 /* Build configuration list for PBXProject "ApplePie" */ = {
			isa = XCConfigurationList;
			buildConfigurations = (
				00370B002200CA3C000531F8 /* Debug */,
				00370B012200CA3C000531F8 /* Release */,
			);
			defaultConfigurationIsVisible = 0;
			defaultConfigurationName = Release;
		};
		00370B022200CA3C000531F8 /* Build configuration list for PBXNativeTarget "ApplePie" */ = {
			isa = XCConfigurationList;
			buildConfigurations = (
				00370B032200CA3C000531F8 /* Debug */,
				00370B042200CA3C000531F8 /* Release */,
			);
			defaultConfigurationIsVisible = 0;
			defaultConfigurationName = Release;
		};
		00370B052200CA3C000531F8 /* Build configuration list for PBXNativeTarget "ApplePieTests" */ = {
			isa = XCConfigurationList;
			buildConfigurations = (
				00370B062200CA3C000531F8 /* Debug */,
				00370B072200CA3C000531F8 /* Release */,
			);
			defaultConfigurationIsVisible = 0;
			defaultConfigurationName = Release;
		};
		00370B082200CA3C000531F8 /* Build configuration list for PBXNativeTarget "ApplePieUITests" */ = {
			isa = XCConfigurationList;
			buildConfigurations = (
				00370B092200CA3C000531F8 /* Debug */,
				00370B0A2200CA3C000531F8 /* Release */,
			);
			defaultConfigurationIsVisible = 0;
			defaultConfigurationName = Release;
		};
/* End XCConfigurationList section */
	};
	rootObject = 00370AD22200CA3A000531F8 /* Project object */;
}
